
Microsoft Visual Studio Solution File, Format Version 12.00
# Visual Studio Version 17
VisualStudioVersion = 17.11.35208.52
MinimumVisualStudioVersion = 10.0.40219.1
Project("{FAE04EC0-301F-11D3-BF4B-00C04F79EFBC}") = "BlogWebsite", "BlogWebsite\BlogWebsite.csproj", "{636C6B6C-B7F6-4F92-ABD6-6B457791D6DC}"
EndProject
Global
	GlobalSection(SolutionConfigurationPlatforms) = preSolution
		Debug|Any CPU = Debug|Any CPU
		Release|Any CPU = Release|Any CPU
	EndGlobalSection
	GlobalSection(ProjectConfigurationPlatforms) = postSolution
		{636C6B6C-B7F6-4F92-ABD6-6B457791D6DC}.Debug|Any CPU.ActiveCfg = Debug|Any CPU
		{636C6B6C-B7F6-4F92-ABD6-6B457791D6DC}.Debug|Any CPU.Build.0 = Debug|Any CPU
		{636C6B6C-B7F6-4F92-ABD6-6B457791D6DC}.Release|Any CPU.ActiveCfg = Release|Any CPU
		{636C6B6C-B7F6-4F92-ABD6-6B457791D6DC}.Release|Any CPU.Build.0 = Release|Any CPU
	EndGlobalSection
	GlobalSection(SolutionProperties) = preSolution
		HideSolutionNode = FALSE
	EndGlobalSection
	GlobalSection(ExtensibilityGlobals) = postSolution
		SolutionGuid = {AB22003D-D17F-4D72-8087-8A30805F4173}
	EndGlobalSection
EndGlobal
